
Microsoft Visual Studio Solution File, Format Version 12.00
# Visual Studio 2013
VisualStudioVersion = 12.0.21005.1
MinimumVisualStudioVersion = 10.0.40219.1
Project("{FAE04EC0-301F-11D3-BF4B-00C04F79EFBC}") = "AuDo", "AuDo\AuDo.csproj", "{0E6D5D82-EF81-40A6-AB62-0E751D00AF72}"
EndProject
Global
	GlobalSection(SolutionConfigurationPlatforms) = preSolution
		Debug|Any CPU = Debug|Any CPU
		Release|Any CPU = Release|Any CPU
	EndGlobalSection
	GlobalSection(ProjectConfigurationPlatforms) = postSolution
		{0E6D5D82-EF81-40A6-AB62-0E751D00AF72}.Debug|Any CPU.ActiveCfg = Debug|Any CPU
		{0E6D5D82-EF81-40A6-AB62-0E751D00AF72}.Debug|Any CPU.Build.0 = Debug|Any CPU
		{0E6D5D82-EF81-40A6-AB62-0E751D00AF72}.Release|Any CPU.ActiveCfg = Release|Any CPU
		{0E6D5D82-EF81-40A6-AB62-0E751D00AF72}.Release|Any CPU.Build.0 = Release|Any CPU
	EndGlobalSection
	GlobalSection(SolutionProperties) = preSolution
		HideSolutionNode = FALSE
	EndGlobalSection
EndGlobal
